
Microsoft Visual Studio Solution File, Format Version 12.00
# Visual Studio Version 16
VisualStudioVersion = 16.0.29201.188
MinimumVisualStudioVersion = 10.0.40219.1
Project("{FAE04EC0-301F-11D3-BF4B-00C04F79EFBC}") = "HTMLtoEXE", "HTMLtoEXE.csproj", "{7F188D51-1403-47FC-9A2A-36684C08D397}"
EndProject
Global
	GlobalSection(SolutionConfigurationPlatforms) = preSolution
		Debug|Any CPU = Debug|Any CPU
		Release|Any CPU = Release|Any CPU
	EndGlobalSection
	GlobalSection(ProjectConfigurationPlatforms) = postSolution
		{7F188D51-1403-47FC-9A2A-36684C08D397}.Debug|Any CPU.ActiveCfg = Debug|Any CPU
		{7F188D51-1403-47FC-9A2A-36684C08D397}.Debug|Any CPU.Build.0 = Debug|Any CPU
		{7F188D51-1403-47FC-9A2A-36684C08D397}.Release|Any CPU.ActiveCfg = Release|Any CPU
		{7F188D51-1403-47FC-9A2A-36684C08D397}.Release|Any CPU.Build.0 = Release|Any CPU
	EndGlobalSection
	GlobalSection(SolutionProperties) = preSolution
		HideSolutionNode = FALSE
	EndGlobalSection
	GlobalSection(ExtensibilityGlobals) = postSolution
		SolutionGuid = {A27E1993-A3AE-4F56-82D6-5B46996DBDCB}
	EndGlobalSection
EndGlobal
